// !$*UTF8*$!
{
	archiveVersion = 1;
	classes = {
	};
	objectVersion = 46;
	objects = {

/* Begin PBXBuildFile section */
		DE61D24818CFB50300728DA4 /* Foundation.framework in Frameworks */ = {isa = PBXBuildFile; fileRef = DE61D24718CFB50300728DA4 /* Foundation.framework */; };
		DE61D24A18CFB50300728DA4 /* CoreGraphics.framework in Frameworks */ = {isa = PBXBuildFile; fileRef = DE61D24918CFB50300728DA4 /* CoreGraphics.framework */; };
		DE61D24C18CFB50300728DA4 /* UIKit.framework in Frameworks */ = {isa = PBXBuildFile; fileRef = DE61D24B18CFB50300728DA4 /* UIKit.framework */; };
		DE61D25218CFB50300728DA4 /* InfoPlist.strings in Resources */ = {isa = PBXBuildFile; fileRef = DE61D25018CFB50300728DA4 /* InfoPlist.strings */; };
		DE61D25418CFB50300728DA4 /* main.m in Sources */ = {isa = PBXBuildFile; fileRef = DE61D25318CFB50300728DA4 /* main.m */; };
		DE61D25818CFB50300728DA4 /* POWAppDelegate.m in Sources */ = {isa = PBXBuildFile; fileRef = DE61D25718CFB50300728DA4 /* POWAppDelegate.m */; };
		DE61D25B18CFB50300728DA4 /* Main.storyboard in Resources */ = {isa = PBXBuildFile; fileRef = DE61D25918CFB50300728DA4 /* Main.storyboard */; };
		DE61D25E18CFB50300728DA4 /* POWViewController.m in Sources */ = {isa = PBXBuildFile; fileRef = DE61D25D18CFB50300728DA4 /* POWViewController.m */; };
		DE61D26018CFB50300728DA4 /* Images.xcassets in Resources */ = {isa = PBXBuildFile; fileRef = DE61D25F18CFB50300728DA4 /* Images.xcassets */; };
		DE61D26718CFB50300728DA4 /* XCTest.framework in Frameworks */ = {isa = PBXBuildFile; fileRef = DE61D26618CFB50300728DA4 /* XCTest.framework */; };
		DE61D26818CFB50300728DA4 /* Foundation.framework in Frameworks */ = {isa = PBXBuildFile; fileRef = DE61D24718CFB50300728DA4 /* Foundation.framework */; };
		DE61D26918CFB50300728DA4 /* UIKit.framework in Frameworks */ = {isa = PBXBuildFile; fileRef = DE61D24B18CFB50300728DA4 /* UIKit.framework */; };
		DE61D27118CFB50300728DA4 /* InfoPlist.strings in Resources */ = {isa = PBXBuildFile; fileRef = DE61D26F18CFB50300728DA4 /* InfoPlist.strings */; };
		DE61D27318CFB50300728DA4 /* _POW11Tests.m in Sources */ = {isa = PBXBuildFile; fileRef = DE61D27218CFB50300728DA4 /* _POW11Tests.m */; };
/* End PBXBuildFile section */

/* Begin PBXContainerItemProxy section */
		DE61D26A18CFB50300728DA4 /* PBXContainerItemProxy */ = {
			isa = PBXContainerItemProxy;
			containerPortal = DE61D23C18CFB50300728DA4 /* Project object */;
			proxyType = 1;
			remoteGlobalIDString = DE61D24318CFB50300728DA4;
			remoteInfo = 2POW11;
		};
/* End PBXContainerItemProxy section */

/* Begin PBXFileReference section */
		DE61D24418CFB50300728DA4 /* 2POW11.app */ = {isa = PBXFileReference; explicitFileType = wrapper.application; includeInIndex = 0; path = 2POW11.app; sourceTree = BUILT_PRODUCTS_DIR; };
		DE61D24718CFB50300728DA4 /* Foundation.framework */ = {isa = PBXFileReference; lastKnownFileType = wrapper.framework; name = Foundation.framework; path = System/Library/Frameworks/Foundation.framework; sourceTree = SDKROOT; };
		DE61D24918CFB50300728DA4 /* CoreGraphics.framework */ = {isa = PBXFileReference; lastKnownFileType = wrapper.framework; name = CoreGraphics.framework; path = System/Library/Frameworks/CoreGraphics.framework; sourceTree = SDKROOT; };
		DE61D24B18CFB50300728DA4 /* UIKit.framework */ = {isa = PBXFileReference; lastKnownFileType = wrapper.framework; name = UIKit.framework; path = System/Library/Frameworks/UIKit.framework; sourceTree = SDKROOT; };
		DE61D24F18CFB50300728DA4 /* 2POW11-Info.plist */ = {isa = PBXFileReference; lastKnownFileType = text.plist.xml; path = "2POW11-Info.plist"; sourceTree = "<group>"; };
		DE61D25118CFB50300728DA4 /* en */ = {isa = PBXFileReference; lastKnownFileType = text.plist.strings; name = en; path = en.lproj/InfoPlist.strings; sourceTree = "<group>"; };
		DE61D25318CFB50300728DA4 /* main.m */ = {isa = PBXFileReference; lastKnownFileType = sourcecode.c.objc; path = main.m; sourceTree = "<group>"; };
		DE61D25518CFB50300728DA4 /* 2POW11-Prefix.pch */ = {isa = PBXFileReference; lastKnownFileType = sourcecode.c.h; path = "2POW11-Prefix.pch"; sourceTree = "<group>"; };
		DE61D25618CFB50300728DA4 /* POWAppDelegate.h */ = {isa = PBXFileReference; lastKnownFileType = sourcecode.c.h; path = POWAppDelegate.h; sourceTree = "<group>"; };
		DE61D25718CFB50300728DA4 /* POWAppDelegate.m */ = {isa = PBXFileReference; lastKnownFileType = sourcecode.c.objc; path = POWAppDelegate.m; sourceTree = "<group>"; };
		DE61D25A18CFB50300728DA4 /* Base */ = {isa = PBXFileReference; lastKnownFileType = file.storyboard; name = Base; path = Base.lproj/Main.storyboard; sourceTree = "<group>"; };
		DE61D25C18CFB50300728DA4 /* POWViewController.h */ = {isa = PBXFileReference; lastKnownFileType = sourcecode.c.h; path = POWViewController.h; sourceTree = "<group>"; };
		DE61D25D18CFB50300728DA4 /* POWViewController.m */ = {isa = PBXFileReference; lastKnownFileType = sourcecode.c.objc; path = POWViewController.m; sourceTree = "<group>"; };
		DE61D25F18CFB50300728DA4 /* Images.xcassets */ = {isa = PBXFileReference; lastKnownFileType = folder.assetcatalog; path = Images.xcassets; sourceTree = "<group>"; };
		DE61D26518CFB50300728DA4 /* 2POW11Tests.xctest */ = {isa = PBXFileReference; explicitFileType = wrapper.cfbundle; includeInIndex = 0; path = 2POW11Tests.xctest; sourceTree = BUILT_PRODUCTS_DIR; };
		DE61D26618CFB50300728DA4 /* XCTest.framework */ = {isa = PBXFileReference; lastKnownFileType = wrapper.framework; name = XCTest.framework; path = Library/Frameworks/XCTest.framework; sourceTree = DEVELOPER_DIR; };
		DE61D26E18CFB50300728DA4 /* 2POW11Tests-Info.plist */ = {isa = PBXFileReference; lastKnownFileType = text.plist.xml; path = "2POW11Tests-Info.plist"; sourceTree = "<group>"; };
		DE61D27018CFB50300728DA4 /* en */ = {isa = PBXFileReference; lastKnownFileType = text.plist.strings; name = en; path = en.lproj/InfoPlist.strings; sourceTree = "<group>"; };
		DE61D27218CFB50300728DA4 /* _POW11Tests.m */ = {isa = PBXFileReference; lastKnownFileType = sourcecode.c.objc; path = _POW11Tests.m; sourceTree = "<group>"; };
/* End PBXFileReference section */

/* Begin PBXFrameworksBuildPhase section */
		DE61D24118CFB50300728DA4 /* Frameworks */ = {
			isa = PBXFrameworksBuildPhase;
			buildActionMask = 2147483647;
			files = (
				DE61D24A18CFB50300728DA4 /* CoreGraphics.framework in Frameworks */,
				DE61D24C18CFB50300728DA4 /* UIKit.framework in Frameworks */,
				DE61D24818CFB50300728DA4 /* Foundation.framework in Frameworks */,
			);
			runOnlyForDeploymentPostprocessing = 0;
		};
		DE61D26218CFB50300728DA4 /* Frameworks */ = {
			isa = PBXFrameworksBuildPhase;
			buildActionMask = 2147483647;
			files = (
				DE61D26718CFB50300728DA4 /* XCTest.framework in Frameworks */,
				DE61D26918CFB50300728DA4 /* UIKit.framework in Frameworks */,
				DE61D26818CFB50300728DA4 /* Foundation.framework in Frameworks */,
			);
			runOnlyForDeploymentPostprocessing = 0;
		};
/* End PBXFrameworksBuildPhase section */

/* Begin PBXGroup section */
		DE61D23B18CFB50300728DA4 = {
			isa = PBXGroup;
			children = (
				DE61D24D18CFB50300728DA4 /* 2POW11 */,
				DE61D26C18CFB50300728DA4 /* 2POW11Tests */,
				DE61D24618CFB50300728DA4 /* Frameworks */,
				DE61D24518CFB50300728DA4 /* Products */,
			);
			sourceTree = "<group>";
		};
		DE61D24518CFB50300728DA4 /* Products */ = {
			isa = PBXGroup;
			children = (
				DE61D24418CFB50300728DA4 /* 2POW11.app */,
				DE61D26518CFB50300728DA4 /* 2POW11Tests.xctest */,
			);
			name = Products;
			sourceTree = "<group>";
		};
		DE61D24618CFB50300728DA4 /* Frameworks */ = {
			isa = PBXGroup;
			children = (
				DE61D24718CFB50300728DA4 /* Foundation.framework */,
				DE61D24918CFB50300728DA4 /* CoreGraphics.framework */,
				DE61D24B18CFB50300728DA4 /* UIKit.framework */,
				DE61D26618CFB50300728DA4 /* XCTest.framework */,
			);
			name = Frameworks;
			sourceTree = "<group>";
		};
		DE61D24D18CFB50300728DA4 /* 2POW11 */ = {
			isa = PBXGroup;
			children = (
				DE61D25C18CFB50300728DA4 /* POWViewController.h */,
				DE61D25D18CFB50300728DA4 /* POWViewController.m */,
				DE61D25F18CFB50300728DA4 /* Images.xcassets */,
				DE61D25918CFB50300728DA4 /* Main.storyboard */,
				DE61D24E18CFB50300728DA4 /* Supporting Files */,
			);
			path = 2POW11;
			sourceTree = "<group>";
		};
		DE61D24E18CFB50300728DA4 /* Supporting Files */ = {
			isa = PBXGroup;
			children = (
				DE61D25618CFB50300728DA4 /* POWAppDelegate.h */,
				DE61D25718CFB50300728DA4 /* POWAppDelegate.m */,
				DE61D24F18CFB50300728DA4 /* 2POW11-Info.plist */,
				DE61D25018CFB50300728DA4 /* InfoPlist.strings */,
				DE61D25318CFB50300728DA4 /* main.m */,
				DE61D25518CFB50300728DA4 /* 2POW11-Prefix.pch */,
			);
			name = "Supporting Files";
			sourceTree = "<group>";
		};
		DE61D26C18CFB50300728DA4 /* 2POW11Tests */ = {
			isa = PBXGroup;
			children = (
				DE61D27218CFB50300728DA4 /* _POW11Tests.m */,
				DE61D26D18CFB50300728DA4 /* Supporting Files */,
			);
			path = 2POW11Tests;
			sourceTree = "<group>";
		};
		DE61D26D18CFB50300728DA4 /* Supporting Files */ = {
			isa = PBXGroup;
			children = (
				DE61D26E18CFB50300728DA4 /* 2POW11Tests-Info.plist */,
				DE61D26F18CFB50300728DA4 /* InfoPlist.strings */,
			);
			name = "Supporting Files";
			sourceTree = "<group>";
		};
/* End PBXGroup section */

/* Begin PBXNativeTarget section */
		DE61D24318CFB50300728DA4 /* 2POW11 */ = {
			isa = PBXNativeTarget;
			buildConfigurationList = DE61D27618CFB50300728DA4 /* Build configuration list for PBXNativeTarget "2POW11" */;
			buildPhases = (
				DE61D24018CFB50300728DA4 /* Sources */,
				DE61D24118CFB50300728DA4 /* Frameworks */,
				DE61D24218CFB50300728DA4 /* Resources */,
			);
			buildRules = (
			);
			dependencies = (
			);
			name = 2POW11;
			productName = 2POW11;
			productReference = DE61D24418CFB50300728DA4 /* 2POW11.app */;
			productType = "com.apple.product-type.application";
		};
		DE61D26418CFB50300728DA4 /* 2POW11Tests */ = {
			isa = PBXNativeTarget;
			buildConfigurationList = DE61D27918CFB50300728DA4 /* Build configuration list for PBXNativeTarget "2POW11Tests" */;
			buildPhases = (
				DE61D26118CFB50300728DA4 /* Sources */,
				DE61D26218CFB50300728DA4 /* Frameworks */,
				DE61D26318CFB50300728DA4 /* Resources */,
			);
			buildRules = (
			);
			dependencies = (
				DE61D26B18CFB50300728DA4 /* PBXTargetDependency */,
			);
			name = 2POW11Tests;
			productName = 2POW11Tests;
			productReference = DE61D26518CFB50300728DA4 /* 2POW11Tests.xctest */;
			productType = "com.apple.product-type.bundle.unit-test";
		};
/* End PBXNativeTarget section */

/* Begin PBXProject section */
		DE61D23C18CFB50300728DA4 /* Project object */ = {
			isa = PBXProject;
			attributes = {
				CLASSPREFIX = POW;
				LastUpgradeCheck = 0510;
				ORGANIZATIONNAME = "Alexander Faxå";
				TargetAttributes = {
					DE61D26418CFB50300728DA4 = {
						TestTargetID = DE61D24318CFB50300728DA4;
					};
				};
			};
			buildConfigurationList = DE61D23F18CFB50300728DA4 /* Build configuration list for PBXProject "2POW11" */;
			compatibilityVersion = "Xcode 3.2";
			developmentRegion = English;
			hasScannedForEncodings = 0;
			knownRegions = (
				en,
				Base,
			);
			mainGroup = DE61D23B18CFB50300728DA4;
			productRefGroup = DE61D24518CFB50300728DA4 /* Products */;
			projectDirPath = "";
			projectRoot = "";
			targets = (
				DE61D24318CFB50300728DA4 /* 2POW11 */,
				DE61D26418CFB50300728DA4 /* 2POW11Tests */,
			);
		};
/* End PBXProject section */

/* Begin PBXResourcesBuildPhase section */
		DE61D24218CFB50300728DA4 /* Resources */ = {
			isa = PBXResourcesBuildPhase;
			buildActionMask = 2147483647;
			files = (
				DE61D26018CFB50300728DA4 /* Images.xcassets in Resources */,
				DE61D25218CFB50300728DA4 /* InfoPlist.strings in Resources */,
				DE61D25B18CFB50300728DA4 /* Main.storyboard in Resources */,
			);
			runOnlyForDeploymentPostprocessing = 0;
		};
		DE61D26318CFB50300728DA4 /* Resources */ = {
			isa = PBXResourcesBuildPhase;
			buildActionMask = 2147483647;
			files = (
				DE61D27118CFB50300728DA4 /* InfoPlist.strings in Resources */,
			);
			runOnlyForDeploymentPostprocessing = 0;
		};
/* End PBXResourcesBuildPhase section */

/* Begin PBXSourcesBuildPhase section */
		DE61D24018CFB50300728DA4 /* Sources */ = {
			isa = PBXSourcesBuildPhase;
			buildActionMask = 2147483647;
			files = (
				DE61D25418CFB50300728DA4 /* main.m in Sources */,
				DE61D25818CFB50300728DA4 /* POWAppDelegate.m in Sources */,
				DE61D25E18CFB50300728DA4 /* POWViewController.m in Sources */,
			);
			runOnlyForDeploymentPostprocessing = 0;
		};
		DE61D26118CFB50300728DA4 /* Sources */ = {
			isa = PBXSourcesBuildPhase;
			buildActionMask = 2147483647;
			files = (
				DE61D27318CFB50300728DA4 /* _POW11Tests.m in Sources */,
			);
			runOnlyForDeploymentPostprocessing = 0;
		};
/* End PBXSourcesBuildPhase section */

/* Begin PBXTargetDependency section */
		DE61D26B18CFB50300728DA4 /* PBXTargetDependency */ = {
			isa = PBXTargetDependency;
			target = DE61D24318CFB50300728DA4 /* 2POW11 */;
			targetProxy = DE61D26A18CFB50300728DA4 /* PBXContainerItemProxy */;
		};
/* End PBXTargetDependency section */

/* Begin PBXVariantGroup section */
		DE61D25018CFB50300728DA4 /* InfoPlist.strings */ = {
			isa = PBXVariantGroup;
			children = (
				DE61D25118CFB50300728DA4 /* en */,
			);
			name = InfoPlist.strings;
			sourceTree = "<group>";
		};
		DE61D25918CFB50300728DA4 /* Main.storyboard */ = {
			isa = PBXVariantGroup;
			children = (
				DE61D25A18CFB50300728DA4 /* Base */,
			);
			name = Main.storyboard;
			sourceTree = "<group>";
		};
		DE61D26F18CFB50300728DA4 /* InfoPlist.strings */ = {
			isa = PBXVariantGroup;
			children = (
				DE61D27018CFB50300728DA4 /* en */,
			);
			name = InfoPlist.strings;
			sourceTree = "<group>";
		};
/* End PBXVariantGroup section */

/* Begin XCBuildConfiguration section */
		DE61D27418CFB50300728DA4 /* Debug */ = {
			isa = XCBuildConfiguration;
			buildSettings = {
				ALWAYS_SEARCH_USER_PATHS = NO;
				CLANG_CXX_LANGUAGE_STANDARD = "gnu++0x";
				CLANG_CXX_LIBRARY = "libc++";
				CLANG_ENABLE_MODULES = YES;
				CLANG_ENABLE_OBJC_ARC = YES;
				CLANG_WARN_BOOL_CONVERSION = YES;
				CLANG_WARN_CONSTANT_CONVERSION = YES;
				CLANG_WARN_DIRECT_OBJC_ISA_USAGE = YES_ERROR;
				CLANG_WARN_EMPTY_BODY = YES;
				CLANG_WARN_ENUM_CONVERSION = YES;
				CLANG_WARN_INT_CONVERSION = YES;
				CLANG_WARN_OBJC_ROOT_CLASS = YES_ERROR;
				CLANG_WARN__DUPLICATE_METHOD_MATCH = YES;
				"CODE_SIGN_IDENTITY[sdk=iphoneos*]" = "iPhone Developer";
				COPY_PHASE_STRIP = NO;
				GCC_C_LANGUAGE_STANDARD = gnu99;
				GCC_DYNAMIC_NO_PIC = NO;
				GCC_OPTIMIZATION_LEVEL = 0;
				GCC_PREPROCESSOR_DEFINITIONS = (
					"DEBUG=1",
					"$(inherited)",
				);
				GCC_SYMBOLS_PRIVATE_EXTERN = NO;
				GCC_WARN_64_TO_32_BIT_CONVERSION = YES;
				GCC_WARN_ABOUT_RETURN_TYPE = YES_ERROR;
				GCC_WARN_UNDECLARED_SELECTOR = YES;
				GCC_WARN_UNINITIALIZED_AUTOS = YES_AGGRESSIVE;
				GCC_WARN_UNUSED_FUNCTION = YES;
				GCC_WARN_UNUSED_VARIABLE = YES;
				IPHONEOS_DEPLOYMENT_TARGET = 7.1;
				ONLY_ACTIVE_ARCH = YES;
				SDKROOT = iphoneos;
			};
			name = Debug;
		};
		DE61D27518CFB50300728DA4 /* Release */ = {
			isa = XCBuildConfiguration;
			buildSettings = {
				ALWAYS_SEARCH_USER_PATHS = NO;
				CLANG_CXX_LANGUAGE_STANDARD = "gnu++0x";
				CLANG_CXX_LIBRARY = "libc++";
				CLANG_ENABLE_MODULES = YES;
				CLANG_ENABLE_OBJC_ARC = YES;
				CLANG_WARN_BOOL_CONVERSION = YES;
				CLANG_WARN_CONSTANT_CONVERSION = YES;
				CLANG_WARN_DIRECT_OBJC_ISA_USAGE = YES_ERROR;
				CLANG_WARN_EMPTY_BODY = YES;
				CLANG_WARN_ENUM_CONVERSION = YES;
				CLANG_WARN_INT_CONVERSION = YES;
				CLANG_WARN_OBJC_ROOT_CLASS = YES_ERROR;
				CLANG_WARN__DUPLICATE_METHOD_MATCH = YES;
				"CODE_SIGN_IDENTITY[sdk=iphoneos*]" = "iPhone Developer";
				COPY_PHASE_STRIP = YES;
				ENABLE_NS_ASSERTIONS = NO;
				GCC_C_LANGUAGE_STANDARD = gnu99;
				GCC_WARN_64_TO_32_BIT_CONVERSION = YES;
				GCC_WARN_ABOUT_RETURN_TYPE = YES_ERROR;
				GCC_WARN_UNDECLARED_SELECTOR = YES;
				GCC_WARN_UNINITIALIZED_AUTOS = YES_AGGRESSIVE;
				GCC_WARN_UNUSED_FUNCTION = YES;
				GCC_WARN_UNUSED_VARIABLE = YES;
				IPHONEOS_DEPLOYMENT_TARGET = 7.1;
				SDKROOT = iphoneos;
				VALIDATE_PRODUCT = YES;
			};
			name = Release;
		};
		DE61D27718CFB50300728DA4 /* Debug */ = {
			isa = XCBuildConfiguration;
			buildSettings = {
				ASSETCATALOG_COMPILER_APPICON_NAME = AppIcon;
				ASSETCATALOG_COMPILER_LAUNCHIMAGE_NAME = LaunchImage;
				GCC_PRECOMPILE_PREFIX_HEADER = YES;
				GCC_PREFIX_HEADER = "2POW11/2POW11-Prefix.pch";
				INFOPLIST_FILE = "2POW11/2POW11-Info.plist";
				PRODUCT_NAME = "$(TARGET_NAME)";
				WRAPPER_EXTENSION = app;
			};
			name = Debug;
		};
		DE61D27818CFB50300728DA4 /* Release */ = {
			isa = XCBuildConfiguration;
			buildSettings = {
				ASSETCATALOG_COMPILER_APPICON_NAME = AppIcon;
				ASSETCATALOG_COMPILER_LAUNCHIMAGE_NAME = LaunchImage;
				GCC_PRECOMPILE_PREFIX_HEADER = YES;
				GCC_PREFIX_HEADER = "2POW11/2POW11-Prefix.pch";
				INFOPLIST_FILE = "2POW11/2POW11-Info.plist";
				PRODUCT_NAME = "$(TARGET_NAME)";
				WRAPPER_EXTENSION = app;
			};
			name = Release;
		};
		DE61D27A18CFB50300728DA4 /* Debug */ = {
			isa = XCBuildConfiguration;
			buildSettings = {
				BUNDLE_LOADER = "$(BUILT_PRODUCTS_DIR)/2POW11.app/2POW11";
				FRAMEWORK_SEARCH_PATHS = (
					"$(SDKROOT)/Developer/Library/Frameworks",
					"$(inherited)",
					"$(DEVELOPER_FRAMEWORKS_DIR)",
				);
				GCC_PRECOMPILE_PREFIX_HEADER = YES;
				GCC_PREFIX_HEADER = "2POW11/2POW11-Prefix.pch";
				GCC_PREPROCESSOR_DEFINITIONS = (
					"DEBUG=1",
					"$(inherited)",
				);
				INFOPLIST_FILE = "2POW11Tests/2POW11Tests-Info.plist";
				PRODUCT_NAME = "$(TARGET_NAME)";
				TEST_HOST = "$(BUNDLE_LOADER)";
				WRAPPER_EXTENSION = xctest;
			};
			name = Debug;
		};
		DE61D27B18CFB50300728DA4 /* Release */ = {
			isa = XCBuildConfiguration;
			buildSettings = {
				BUNDLE_LOADER = "$(BUILT_PRODUCTS_DIR)/2POW11.app/2POW11";
				FRAMEWORK_SEARCH_PATHS = (
					"$(SDKROOT)/Developer/Library/Frameworks",
					"$(inherited)",
					"$(DEVELOPER_FRAMEWORKS_DIR)",
				);
				GCC_PRECOMPILE_PREFIX_HEADER = YES;
				GCC_PREFIX_HEADER = "2POW11/2POW11-Prefix.pch";
				INFOPLIST_FILE = "2POW11Tests/2POW11Tests-Info.plist";
				PRODUCT_NAME = "$(TARGET_NAME)";
				TEST_HOST = "$(BUNDLE_LOADER)";
				WRAPPER_EXTENSION = xctest;
			};
			name = Release;
		};
/* End XCBuildConfiguration section */

/* Begin XCConfigurationList section */
		DE61D23F18CFB50300728DA4 /* Build configuration list for PBXProject "2POW11" */ = {
			isa = XCConfigurationList;
			buildConfigurations = (
				DE61D27418CFB50300728DA4 /* Debug */,
				DE61D27518CFB50300728DA4 /* Release */,
			);
			defaultConfigurationIsVisible = 0;
			defaultConfigurationName = Release;
		};
		DE61D27618CFB50300728DA4 /* Build configuration list for PBXNativeTarget "2POW11" */ = {
			isa = XCConfigurationList;
			buildConfigurations = (
				DE61D27718CFB50300728DA4 /* Debug */,
				DE61D27818CFB50300728DA4 /* Release */,
			);
			defaultConfigurationIsVisible = 0;
			defaultConfigurationName = Release;
		};
		DE61D27918CFB50300728DA4 /* Build configuration list for PBXNativeTarget "2POW11Tests" */ = {
			isa = XCConfigurationList;
			buildConfigurations = (
				DE61D27A18CFB50300728DA4 /* Debug */,
				DE61D27B18CFB50300728DA4 /* Release */,
			);
			defaultConfigurationIsVisible = 0;
			defaultConfigurationName = Release;
		};
/* End XCConfigurationList section */
	};
	rootObject = DE61D23C18CFB50300728DA4 /* Project object */;
}
